<?xml version="1.0" encoding="UTF-8"?>
<CodeBlocks_project_file>
	<FileVersion major="1" minor="6"/>
	<Project>
		<Option title="shepherd"/>
		<Option makefile_is_custom="1"/>
		<Option compiler="clang"/>
		<Option virtualFolders="CMake Files\;"/>
		<Build>
			<Target title="all">
				<Option working_dir="/home/piotr/build/shepherd"/>
				<Option type="4"/>
				<MakeCommands>
					<Build command="/usr/bin/make -j4 -f &quot;/home/piotr/build/shepherd/Makefile&quot;  VERBOSE=1 all"/>
					<CompileFile command="/usr/bin/make -j4 -f &quot;/home/piotr/build/shepherd/Makefile&quot;  VERBOSE=1 &quot;$file&quot;"/>
					<Clean command="/usr/bin/make -j4 -f &quot;/home/piotr/build/shepherd/Makefile&quot;  VERBOSE=1 clean"/>
					<DistClean command="/usr/bin/make -j4 -f &quot;/home/piotr/build/shepherd/Makefile&quot;  VERBOSE=1 clean"/>
				</MakeCommands>
			</Target>
			<Target title="rebuild_cache">
				<Option working_dir="/home/piotr/build/shepherd"/>
				<Option type="4"/>
				<MakeCommands>
					<Build command="/usr/bin/make -j4 -f &quot;/home/piotr/build/shepherd/Makefile&quot;  VERBOSE=1 rebuild_cache"/>
					<CompileFile command="/usr/bin/make -j4 -f &quot;/home/piotr/build/shepherd/Makefile&quot;  VERBOSE=1 &quot;$file&quot;"/>
					<Clean command="/usr/bin/make -j4 -f &quot;/home/piotr/build/shepherd/Makefile&quot;  VERBOSE=1 clean"/>
					<DistClean command="/usr/bin/make -j4 -f &quot;/home/piotr/build/shepherd/Makefile&quot;  VERBOSE=1 clean"/>
				</MakeCommands>
			</Target>
			<Target title="edit_cache">
				<Option working_dir="/home/piotr/build/shepherd"/>
				<Option type="4"/>
				<MakeCommands>
					<Build command="/usr/bin/make -j4 -f &quot;/home/piotr/build/shepherd/Makefile&quot;  VERBOSE=1 edit_cache"/>
					<CompileFile command="/usr/bin/make -j4 -f &quot;/home/piotr/build/shepherd/Makefile&quot;  VERBOSE=1 &quot;$file&quot;"/>
					<Clean command="/usr/bin/make -j4 -f &quot;/home/piotr/build/shepherd/Makefile&quot;  VERBOSE=1 clean"/>
					<DistClean command="/usr/bin/make -j4 -f &quot;/home/piotr/build/shepherd/Makefile&quot;  VERBOSE=1 clean"/>
				</MakeCommands>
			</Target>
			<Target title="shepherd">
				<Option output="/home/piotr/build/shepherd/shepherd" prefix_auto="0" extension_auto="0"/>
				<Option working_dir="/home/piotr/build/shepherd"/>
				<Option object_output="./"/>
				<Option type="1"/>
				<Option compiler="clang"/>
				<Compiler>
					<Add directory="/home/piotr/build/shepherd/vendor/boost"/>
					<Add directory="/home/piotr/build/shepherd/vendor/dir_monitor/include"/>
					<Add directory="/usr/bin/../lib/gcc/x86_64-linux-gnu/6.3.0/../../../../include/c++/6.3.0"/>
					<Add directory="/usr/bin/../lib/gcc/x86_64-linux-gnu/6.3.0/../../../../include/x86_64-linux-gnu/c++/6.3.0"/>
					<Add directory="/usr/bin/../lib/gcc/x86_64-linux-gnu/6.3.0/../../../../include/c++/6.3.0/backward"/>
					<Add directory="/usr/include/clang/4.0.1/include"/>
					<Add directory="/usr/local/include"/>
					<Add directory="/usr/include/x86_64-linux-gnu"/>
					<Add directory="/usr/include"/>
					<Add directory="/usr/lib/gcc/x86_64-linux-gnu/6/include"/>
					<Add directory="/usr/lib/gcc/x86_64-linux-gnu/6/include-fixed"/>
				</Compiler>
				<MakeCommands>
					<Build command="/usr/bin/make -j4 -f &quot;/home/piotr/build/shepherd/Makefile&quot;  VERBOSE=1 shepherd"/>
					<CompileFile command="/usr/bin/make -j4 -f &quot;/home/piotr/build/shepherd/Makefile&quot;  VERBOSE=1 &quot;$file&quot;"/>
					<Clean command="/usr/bin/make -j4 -f &quot;/home/piotr/build/shepherd/Makefile&quot;  VERBOSE=1 clean"/>
					<DistClean command="/usr/bin/make -j4 -f &quot;/home/piotr/build/shepherd/Makefile&quot;  VERBOSE=1 clean"/>
				</MakeCommands>
			</Target>
			<Target title="shepherd/fast">
				<Option output="/home/piotr/build/shepherd/shepherd" prefix_auto="0" extension_auto="0"/>
				<Option working_dir="/home/piotr/build/shepherd"/>
				<Option object_output="./"/>
				<Option type="1"/>
				<Option compiler="clang"/>
				<Compiler>
					<Add directory="/home/piotr/build/shepherd/vendor/boost"/>
					<Add directory="/home/piotr/build/shepherd/vendor/dir_monitor/include"/>
					<Add directory="/usr/bin/../lib/gcc/x86_64-linux-gnu/6.3.0/../../../../include/c++/6.3.0"/>
					<Add directory="/usr/bin/../lib/gcc/x86_64-linux-gnu/6.3.0/../../../../include/x86_64-linux-gnu/c++/6.3.0"/>
					<Add directory="/usr/bin/../lib/gcc/x86_64-linux-gnu/6.3.0/../../../../include/c++/6.3.0/backward"/>
					<Add directory="/usr/include/clang/4.0.1/include"/>
					<Add directory="/usr/local/include"/>
					<Add directory="/usr/include/x86_64-linux-gnu"/>
					<Add directory="/usr/include"/>
					<Add directory="/usr/lib/gcc/x86_64-linux-gnu/6/include"/>
					<Add directory="/usr/lib/gcc/x86_64-linux-gnu/6/include-fixed"/>
				</Compiler>
				<MakeCommands>
					<Build command="/usr/bin/make -j4 -f &quot;/home/piotr/build/shepherd/Makefile&quot;  VERBOSE=1 shepherd/fast"/>
					<CompileFile command="/usr/bin/make -j4 -f &quot;/home/piotr/build/shepherd/Makefile&quot;  VERBOSE=1 &quot;$file&quot;"/>
					<Clean command="/usr/bin/make -j4 -f &quot;/home/piotr/build/shepherd/Makefile&quot;  VERBOSE=1 clean"/>
					<DistClean command="/usr/bin/make -j4 -f &quot;/home/piotr/build/shepherd/Makefile&quot;  VERBOSE=1 clean"/>
				</MakeCommands>
			</Target>
		</Build>
		<Unit filename="/home/piotr/build/shepherd/src/Acceptor/Acceptor.h">
			<Option target="shepherd"/>
		</Unit>
		<Unit filename="/home/piotr/build/shepherd/src/Acceptor/TcpAcceptor.cpp">
			<Option target="shepherd"/>
		</Unit>
		<Unit filename="/home/piotr/build/shepherd/src/Acceptor/TcpAcceptor.h">
			<Option target="shepherd"/>
		</Unit>
		<Unit filename="/home/piotr/build/shepherd/src/Acceptor/UdsAcceptor.cpp">
			<Option target="shepherd"/>
		</Unit>
		<Unit filename="/home/piotr/build/shepherd/src/Acceptor/UdsAcceptor.h">
			<Option target="shepherd"/>
		</Unit>
		<Unit filename="/home/piotr/build/shepherd/src/Config/ConfigLoader.h">
			<Option target="shepherd"/>
		</Unit>
		<Unit filename="/home/piotr/build/shepherd/src/Config/SocketParser.h">
			<Option target="shepherd"/>
		</Unit>
		<Unit filename="/home/piotr/build/shepherd/src/Config/WorkerConfig.h">
			<Option target="shepherd"/>
		</Unit>
		<Unit filename="/home/piotr/build/shepherd/src/DirectoryMonitor.h">
			<Option target="shepherd"/>
		</Unit>
		<Unit filename="/home/piotr/build/shepherd/src/LoadBalancer.cpp">
			<Option target="shepherd"/>
		</Unit>
		<Unit filename="/home/piotr/build/shepherd/src/LoadBalancer.h">
			<Option target="shepherd"/>
		</Unit>
		<Unit filename="/home/piotr/build/shepherd/src/Session.cpp">
			<Option target="shepherd"/>
		</Unit>
		<Unit filename="/home/piotr/build/shepherd/src/Session.h">
			<Option target="shepherd"/>
		</Unit>
		<Unit filename="/home/piotr/build/shepherd/src/WatchDog.cpp">
			<Option target="shepherd"/>
		</Unit>
		<Unit filename="/home/piotr/build/shepherd/src/WatchDog.h">
			<Option target="shepherd"/>
		</Unit>
		<Unit filename="/home/piotr/build/shepherd/src/Worker.cpp">
			<Option target="shepherd"/>
		</Unit>
		<Unit filename="/home/piotr/build/shepherd/src/Worker.h">
			<Option target="shepherd"/>
		</Unit>
		<Unit filename="/home/piotr/build/shepherd/src/main.cpp">
			<Option target="shepherd"/>
		</Unit>
		<Unit filename="/home/piotr/build/shepherd/CMakeLists.txt">
			<Option virtualFolder="CMake Files\"/>
		</Unit>
	</Project>
</CodeBlocks_project_file>
